// !$*UTF8*$!
{
	archiveVersion = 1;
	classes = {
	};
	objectVersion = 46;
	objects = {

/* Begin PBXBuildFile section */
		680BB0CF1EB08C59005CAE7D /* MyPlayerCoverView.swift in Sources */ = {isa = PBXBuildFile; fileRef = 680BB0CE1EB08C59005CAE7D /* MyPlayerCoverView.swift */; };
		682830171EB1F26E006EF872 /* MyPlayerSheetView.swift in Sources */ = {isa = PBXBuildFile; fileRef = 682830161EB1F26E006EF872 /* MyPlayerSheetView.swift */; };
		68610D8A1EDFF48C000632C2 /* MySubtitles.swift in Sources */ = {isa = PBXBuildFile; fileRef = 68610D891EDFF48C000632C2 /* MySubtitles.swift */; };
		68610D8C1EDFF6B9000632C2 /* MyPlayerResource.swift in Sources */ = {isa = PBXBuildFile; fileRef = 68610D8B1EDFF6B9000632C2 /* MyPlayerResource.swift */; };
		68610D8E1EDFF940000632C2 /* SubtitleDemo.srt in Resources */ = {isa = PBXBuildFile; fileRef = 68610D8D1EDFF940000632C2 /* SubtitleDemo.srt */; };
		6895B7371EB18F37001A0DBA /* MyPlayerLightView.swift in Sources */ = {isa = PBXBuildFile; fileRef = 6895B7361EB18F36001A0DBA /* MyPlayerLightView.swift */; };
		68B046891EAEFAE40074B369 /* MySlider.swift in Sources */ = {isa = PBXBuildFile; fileRef = 68B046881EAEFAE40074B369 /* MySlider.swift */; };
		68B0468B1EAF2E270074B369 /* MyPlayer.swift in Sources */ = {isa = PBXBuildFile; fileRef = 68B0468A1EAF2E270074B369 /* MyPlayer.swift */; };
		68B0468D1EAF2E9D0074B369 /* MyPlayerLayerView.swift in Sources */ = {isa = PBXBuildFile; fileRef = 68B0468C1EAF2E9D0074B369 /* MyPlayerLayerView.swift */; };
		68B0468F1EAF2F920074B369 /* MyPlayerStatus.swift in Sources */ = {isa = PBXBuildFile; fileRef = 68B0468E1EAF2F920074B369 /* MyPlayerStatus.swift */; };
		68DCF42B1EAEF8FB0076FA5A /* AppDelegate.swift in Sources */ = {isa = PBXBuildFile; fileRef = 68DCF42A1EAEF8FB0076FA5A /* AppDelegate.swift */; };
		68DCF42D1EAEF8FB0076FA5A /* ViewController.swift in Sources */ = {isa = PBXBuildFile; fileRef = 68DCF42C1EAEF8FB0076FA5A /* ViewController.swift */; };
		68DCF4301EAEF8FB0076FA5A /* Main.storyboard in Resources */ = {isa = PBXBuildFile; fileRef = 68DCF42E1EAEF8FB0076FA5A /* Main.storyboard */; };
		68DCF4321EAEF8FB0076FA5A /* Assets.xcassets in Resources */ = {isa = PBXBuildFile; fileRef = 68DCF4311EAEF8FB0076FA5A /* Assets.xcassets */; };
		68DCF4351EAEF8FB0076FA5A /* LaunchScreen.storyboard in Resources */ = {isa = PBXBuildFile; fileRef = 68DCF4331EAEF8FB0076FA5A /* LaunchScreen.storyboard */; };
		68E870D91EB31A82003743B8 /* PlayViewController.swift in Sources */ = {isa = PBXBuildFile; fileRef = 68E870D81EB31A82003743B8 /* PlayViewController.swift */; };
		D48AC8CB06B59A28D650CE8A /* Pods_MyVideoPlayer.framework in Frameworks */ = {isa = PBXBuildFile; fileRef = 8EC562836F52DC8904D25F16 /* Pods_MyVideoPlayer.framework */; };
/* End PBXBuildFile section */

/* Begin PBXFileReference section */
		680BB0CE1EB08C59005CAE7D /* MyPlayerCoverView.swift */ = {isa = PBXFileReference; fileEncoding = 4; lastKnownFileType = sourcecode.swift; path = MyPlayerCoverView.swift; sourceTree = "<group>"; };
		682830161EB1F26E006EF872 /* MyPlayerSheetView.swift */ = {isa = PBXFileReference; fileEncoding = 4; lastKnownFileType = sourcecode.swift; path = MyPlayerSheetView.swift; sourceTree = "<group>"; };
		68610D891EDFF48C000632C2 /* MySubtitles.swift */ = {isa = PBXFileReference; fileEncoding = 4; lastKnownFileType = sourcecode.swift; path = MySubtitles.swift; sourceTree = "<group>"; };
		68610D8B1EDFF6B9000632C2 /* MyPlayerResource.swift */ = {isa = PBXFileReference; fileEncoding = 4; lastKnownFileType = sourcecode.swift; path = MyPlayerResource.swift; sourceTree = "<group>"; };
		68610D8D1EDFF940000632C2 /* SubtitleDemo.srt */ = {isa = PBXFileReference; fileEncoding = 4; lastKnownFileType = text; path = SubtitleDemo.srt; sourceTree = "<group>"; };
		6895B7361EB18F36001A0DBA /* MyPlayerLightView.swift */ = {isa = PBXFileReference; fileEncoding = 4; lastKnownFileType = sourcecode.swift; path = MyPlayerLightView.swift; sourceTree = "<group>"; };
		68B046881EAEFAE40074B369 /* MySlider.swift */ = {isa = PBXFileReference; fileEncoding = 4; lastKnownFileType = sourcecode.swift; path = MySlider.swift; sourceTree = "<group>"; };
		68B0468A1EAF2E270074B369 /* MyPlayer.swift */ = {isa = PBXFileReference; fileEncoding = 4; lastKnownFileType = sourcecode.swift; path = MyPlayer.swift; sourceTree = "<group>"; };
		68B0468C1EAF2E9D0074B369 /* MyPlayerLayerView.swift */ = {isa = PBXFileReference; fileEncoding = 4; lastKnownFileType = sourcecode.swift; path = MyPlayerLayerView.swift; sourceTree = "<group>"; };
		68B0468E1EAF2F920074B369 /* MyPlayerStatus.swift */ = {isa = PBXFileReference; fileEncoding = 4; lastKnownFileType = sourcecode.swift; path = MyPlayerStatus.swift; sourceTree = "<group>"; };
		68DCF4271EAEF8FB0076FA5A /* MyVideoPlayer.app */ = {isa = PBXFileReference; explicitFileType = wrapper.application; includeInIndex = 0; path = MyVideoPlayer.app; sourceTree = BUILT_PRODUCTS_DIR; };
		68DCF42A1EAEF8FB0076FA5A /* AppDelegate.swift */ = {isa = PBXFileReference; lastKnownFileType = sourcecode.swift; path = AppDelegate.swift; sourceTree = "<group>"; };
		68DCF42C1EAEF8FB0076FA5A /* ViewController.swift */ = {isa = PBXFileReference; lastKnownFileType = sourcecode.swift; path = ViewController.swift; sourceTree = "<group>"; };
		68DCF42F1EAEF8FB0076FA5A /* Base */ = {isa = PBXFileReference; lastKnownFileType = file.storyboard; name = Base; path = Base.lproj/Main.storyboard; sourceTree = "<group>"; };
		68DCF4311EAEF8FB0076FA5A /* Assets.xcassets */ = {isa = PBXFileReference; lastKnownFileType = folder.assetcatalog; path = Assets.xcassets; sourceTree = "<group>"; };
		68DCF4341EAEF8FB0076FA5A /* Base */ = {isa = PBXFileReference; lastKnownFileType = file.storyboard; name = Base; path = Base.lproj/LaunchScreen.storyboard; sourceTree = "<group>"; };
		68DCF4361EAEF8FB0076FA5A /* Info.plist */ = {isa = PBXFileReference; lastKnownFileType = text.plist.xml; path = Info.plist; sourceTree = "<group>"; };
		68E870D81EB31A82003743B8 /* PlayViewController.swift */ = {isa = PBXFileReference; fileEncoding = 4; lastKnownFileType = sourcecode.swift; path = PlayViewController.swift; sourceTree = "<group>"; };
		786785D1B2F092832157D90C /* Pods-MyVideoPlayer.release.xcconfig */ = {isa = PBXFileReference; includeInIndex = 1; lastKnownFileType = text.xcconfig; name = "Pods-MyVideoPlayer.release.xcconfig"; path = "Pods/Target Support Files/Pods-MyVideoPlayer/Pods-MyVideoPlayer.release.xcconfig"; sourceTree = "<group>"; };
		8EC562836F52DC8904D25F16 /* Pods_MyVideoPlayer.framework */ = {isa = PBXFileReference; explicitFileType = wrapper.framework; includeInIndex = 0; path = Pods_MyVideoPlayer.framework; sourceTree = BUILT_PRODUCTS_DIR; };
		929664F456E397267F46C392 /* Pods-MyVideoPlayer.debug.xcconfig */ = {isa = PBXFileReference; includeInIndex = 1; lastKnownFileType = text.xcconfig; name = "Pods-MyVideoPlayer.debug.xcconfig"; path = "Pods/Target Support Files/Pods-MyVideoPlayer/Pods-MyVideoPlayer.debug.xcconfig"; sourceTree = "<group>"; };
/* End PBXFileReference section */

/* Begin PBXFrameworksBuildPhase section */
		68DCF4241EAEF8FB0076FA5A /* Frameworks */ = {
			isa = PBXFrameworksBuildPhase;
			buildActionMask = 2147483647;
			files = (
				D48AC8CB06B59A28D650CE8A /* Pods_MyVideoPlayer.framework in Frameworks */,
			);
			runOnlyForDeploymentPostprocessing = 0;
		};
/* End PBXFrameworksBuildPhase section */

/* Begin PBXGroup section */
		38D74F68B25A8F359C3C6C1D /* Pods */ = {
			isa = PBXGroup;
			children = (
				929664F456E397267F46C392 /* Pods-MyVideoPlayer.debug.xcconfig */,
				786785D1B2F092832157D90C /* Pods-MyVideoPlayer.release.xcconfig */,
			);
			name = Pods;
			sourceTree = "<group>";
		};
		68B046841EAEFA910074B369 /* VideoPlayer */ = {
			isa = PBXGroup;
			children = (
				68B046851EAEFA910074B369 /* Extension */,
				68B046861EAEFA910074B369 /* Tool */,
				68B046871EAEFA910074B369 /* UI */,
			);
			path = VideoPlayer;
			sourceTree = "<group>";
		};
		68B046851EAEFA910074B369 /* Extension */ = {
			isa = PBXGroup;
			children = (
			);
			path = Extension;
			sourceTree = "<group>";
		};
		68B046861EAEFA910074B369 /* Tool */ = {
			isa = PBXGroup;
			children = (
				68B046881EAEFAE40074B369 /* MySlider.swift */,
			);
			path = Tool;
			sourceTree = "<group>";
		};
		68B046871EAEFA910074B369 /* UI */ = {
			isa = PBXGroup;
			children = (
				68B0468A1EAF2E270074B369 /* MyPlayer.swift */,
				68B0468C1EAF2E9D0074B369 /* MyPlayerLayerView.swift */,
				680BB0CE1EB08C59005CAE7D /* MyPlayerCoverView.swift */,
				68B0468E1EAF2F920074B369 /* MyPlayerStatus.swift */,
				6895B7361EB18F36001A0DBA /* MyPlayerLightView.swift */,
				682830161EB1F26E006EF872 /* MyPlayerSheetView.swift */,
				68610D891EDFF48C000632C2 /* MySubtitles.swift */,
				68610D8B1EDFF6B9000632C2 /* MyPlayerResource.swift */,
			);
			path = UI;
			sourceTree = "<group>";
		};
		68DCF41E1EAEF8FB0076FA5A = {
			isa = PBXGroup;
			children = (
				68DCF4291EAEF8FB0076FA5A /* MyVideoPlayer */,
				68DCF4281EAEF8FB0076FA5A /* Products */,
				38D74F68B25A8F359C3C6C1D /* Pods */,
				A65FD8FCCC88649E9D73DDAD /* Frameworks */,
			);
			sourceTree = "<group>";
		};
		68DCF4281EAEF8FB0076FA5A /* Products */ = {
			isa = PBXGroup;
			children = (
				68DCF4271EAEF8FB0076FA5A /* MyVideoPlayer.app */,
			);
			name = Products;
			sourceTree = "<group>";
		};
		68DCF4291EAEF8FB0076FA5A /* MyVideoPlayer */ = {
			isa = PBXGroup;
			children = (
				68B046841EAEFA910074B369 /* VideoPlayer */,
				68DCF42A1EAEF8FB0076FA5A /* AppDelegate.swift */,
				68DCF42C1EAEF8FB0076FA5A /* ViewController.swift */,
				68E870D81EB31A82003743B8 /* PlayViewController.swift */,
				68610D8D1EDFF940000632C2 /* SubtitleDemo.srt */,
				68DCF42E1EAEF8FB0076FA5A /* Main.storyboard */,
				68DCF4311EAEF8FB0076FA5A /* Assets.xcassets */,
				68DCF4331EAEF8FB0076FA5A /* LaunchScreen.storyboard */,
				68DCF4361EAEF8FB0076FA5A /* Info.plist */,
			);
			path = MyVideoPlayer;
			sourceTree = "<group>";
		};
		A65FD8FCCC88649E9D73DDAD /* Frameworks */ = {
			isa = PBXGroup;
			children = (
				8EC562836F52DC8904D25F16 /* Pods_MyVideoPlayer.framework */,
			);
			name = Frameworks;
			sourceTree = "<group>";
		};
/* End PBXGroup section */

/* Begin PBXNativeTarget section */
		68DCF4261EAEF8FB0076FA5A /* MyVideoPlayer */ = {
			isa = PBXNativeTarget;
			buildConfigurationList = 68DCF44F1EAEF8FB0076FA5A /* Build configuration list for PBXNativeTarget "MyVideoPlayer" */;
			buildPhases = (
				F5A0824378C709662B45D547 /* [CP] Check Pods Manifest.lock */,
				68DCF4231EAEF8FB0076FA5A /* Sources */,
				68DCF4241EAEF8FB0076FA5A /* Frameworks */,
				68DCF4251EAEF8FB0076FA5A /* Resources */,
				BA393C4883BD052F5E859977 /* [CP] Embed Pods Frameworks */,
				20059463C98FE77DE9476885 /* [CP] Copy Pods Resources */,
			);
			buildRules = (
			);
			dependencies = (
			);
			name = MyVideoPlayer;
			productName = MyVideoPlayer;
			productReference = 68DCF4271EAEF8FB0076FA5A /* MyVideoPlayer.app */;
			productType = "com.apple.product-type.application";
		};
/* End PBXNativeTarget section */

/* Begin PBXProject section */
		68DCF41F1EAEF8FB0076FA5A /* Project object */ = {
			isa = PBXProject;
			attributes = {
				LastSwiftUpdateCheck = 0830;
				LastUpgradeCheck = 0830;
				ORGANIZATIONNAME = "Beijing Han-sky Education Technology Co.";
				TargetAttributes = {
					68DCF4261EAEF8FB0076FA5A = {
						CreatedOnToolsVersion = 8.3.1;
						DevelopmentTeam = BLJXHMJDBS;
						ProvisioningStyle = Automatic;
					};
				};
			};
			buildConfigurationList = 68DCF4221EAEF8FB0076FA5A /* Build configuration list for PBXProject "MyVideoPlayer" */;
			compatibilityVersion = "Xcode 3.2";
			developmentRegion = English;
			hasScannedForEncodings = 0;
			knownRegions = (
				en,
				Base,
			);
			mainGroup = 68DCF41E1EAEF8FB0076FA5A;
			productRefGroup = 68DCF4281EAEF8FB0076FA5A /* Products */;
			projectDirPath = "";
			projectRoot = "";
			targets = (
				68DCF4261EAEF8FB0076FA5A /* MyVideoPlayer */,
			);
		};
/* End PBXProject section */

/* Begin PBXResourcesBuildPhase section */
		68DCF4251EAEF8FB0076FA5A /* Resources */ = {
			isa = PBXResourcesBuildPhase;
			buildActionMask = 2147483647;
			files = (
				68610D8E1EDFF940000632C2 /* SubtitleDemo.srt in Resources */,
				68DCF4351EAEF8FB0076FA5A /* LaunchScreen.storyboard in Resources */,
				68DCF4321EAEF8FB0076FA5A /* Assets.xcassets in Resources */,
				68DCF4301EAEF8FB0076FA5A /* Main.storyboard in Resources */,
			);
			runOnlyForDeploymentPostprocessing = 0;
		};
/* End PBXResourcesBuildPhase section */

/* Begin PBXShellScriptBuildPhase section */
		20059463C98FE77DE9476885 /* [CP] Copy Pods Resources */ = {
			isa = PBXShellScriptBuildPhase;
			buildActionMask = 2147483647;
			files = (
			);
			inputPaths = (
			);
			name = "[CP] Copy Pods Resources";
			outputPaths = (
			);
			runOnlyForDeploymentPostprocessing = 0;
			shellPath = /bin/sh;
			shellScript = "\"${SRCROOT}/Pods/Target Support Files/Pods-MyVideoPlayer/Pods-MyVideoPlayer-resources.sh\"\n";
			showEnvVarsInLog = 0;
		};
		BA393C4883BD052F5E859977 /* [CP] Embed Pods Frameworks */ = {
			isa = PBXShellScriptBuildPhase;
			buildActionMask = 2147483647;
			files = (
			);
			inputPaths = (
			);
			name = "[CP] Embed Pods Frameworks";
			outputPaths = (
			);
			runOnlyForDeploymentPostprocessing = 0;
			shellPath = /bin/sh;
			shellScript = "\"${SRCROOT}/Pods/Target Support Files/Pods-MyVideoPlayer/Pods-MyVideoPlayer-frameworks.sh\"\n";
			showEnvVarsInLog = 0;
		};
		F5A0824378C709662B45D547 /* [CP] Check Pods Manifest.lock */ = {
			isa = PBXShellScriptBuildPhase;
			buildActionMask = 2147483647;
			files = (
			);
			inputPaths = (
			);
			name = "[CP] Check Pods Manifest.lock";
			outputPaths = (
			);
			runOnlyForDeploymentPostprocessing = 0;
			shellPath = /bin/sh;
			shellScript = "diff \"${PODS_ROOT}/../Podfile.lock\" \"${PODS_ROOT}/Manifest.lock\" > /dev/null\nif [ $? != 0 ] ; then\n    # print error to STDERR\n    echo \"error: The sandbox is not in sync with the Podfile.lock. Run 'pod install' or update your CocoaPods installation.\" >&2\n    exit 1\nfi\n";
			showEnvVarsInLog = 0;
		};
/* End PBXShellScriptBuildPhase section */

/* Begin PBXSourcesBuildPhase section */
		68DCF4231EAEF8FB0076FA5A /* Sources */ = {
			isa = PBXSourcesBuildPhase;
			buildActionMask = 2147483647;
			files = (
				6895B7371EB18F37001A0DBA /* MyPlayerLightView.swift in Sources */,
				68B0468D1EAF2E9D0074B369 /* MyPlayerLayerView.swift in Sources */,
				68B0468B1EAF2E270074B369 /* MyPlayer.swift in Sources */,
				68B046891EAEFAE40074B369 /* MySlider.swift in Sources */,
				68610D8C1EDFF6B9000632C2 /* MyPlayerResource.swift in Sources */,
				682830171EB1F26E006EF872 /* MyPlayerSheetView.swift in Sources */,
				680BB0CF1EB08C59005CAE7D /* MyPlayerCoverView.swift in Sources */,
				68E870D91EB31A82003743B8 /* PlayViewController.swift in Sources */,
				68DCF42D1EAEF8FB0076FA5A /* ViewController.swift in Sources */,
				68610D8A1EDFF48C000632C2 /* MySubtitles.swift in Sources */,
				68B0468F1EAF2F920074B369 /* MyPlayerStatus.swift in Sources */,
				68DCF42B1EAEF8FB0076FA5A /* AppDelegate.swift in Sources */,
			);
			runOnlyForDeploymentPostprocessing = 0;
		};
/* End PBXSourcesBuildPhase section */

/* Begin PBXVariantGroup section */
		68DCF42E1EAEF8FB0076FA5A /* Main.storyboard */ = {
			isa = PBXVariantGroup;
			children = (
				68DCF42F1EAEF8FB0076FA5A /* Base */,
			);
			name = Main.storyboard;
			sourceTree = "<group>";
		};
		68DCF4331EAEF8FB0076FA5A /* LaunchScreen.storyboard */ = {
			isa = PBXVariantGroup;
			children = (
				68DCF4341EAEF8FB0076FA5A /* Base */,
			);
			name = LaunchScreen.storyboard;
			sourceTree = "<group>";
		};
/* End PBXVariantGroup section */

/* Begin XCBuildConfiguration section */
		68DCF44D1EAEF8FB0076FA5A /* Debug */ = {
			isa = XCBuildConfiguration;
			buildSettings = {
				ALWAYS_SEARCH_USER_PATHS = NO;
				CLANG_ANALYZER_NONNULL = YES;
				CLANG_ANALYZER_NUMBER_OBJECT_CONVERSION = YES_AGGRESSIVE;
				CLANG_CXX_LANGUAGE_STANDARD = "gnu++0x";
				CLANG_CXX_LIBRARY = "libc++";
				CLANG_ENABLE_MODULES = YES;
				CLANG_ENABLE_OBJC_ARC = YES;
				CLANG_WARN_BOOL_CONVERSION = YES;
				CLANG_WARN_CONSTANT_CONVERSION = YES;
				CLANG_WARN_DIRECT_OBJC_ISA_USAGE = YES_ERROR;
				CLANG_WARN_DOCUMENTATION_COMMENTS = YES;
				CLANG_WARN_EMPTY_BODY = YES;
				CLANG_WARN_ENUM_CONVERSION = YES;
				CLANG_WARN_INFINITE_RECURSION = YES;
				CLANG_WARN_INT_CONVERSION = YES;
				CLANG_WARN_OBJC_ROOT_CLASS = YES_ERROR;
				CLANG_WARN_SUSPICIOUS_MOVE = YES;
				CLANG_WARN_UNREACHABLE_CODE = YES;
				CLANG_WARN__DUPLICATE_METHOD_MATCH = YES;
				"CODE_SIGN_IDENTITY[sdk=iphoneos*]" = "iPhone Developer";
				COPY_PHASE_STRIP = NO;
				DEBUG_INFORMATION_FORMAT = dwarf;
				ENABLE_STRICT_OBJC_MSGSEND = YES;
				ENABLE_TESTABILITY = YES;
				GCC_C_LANGUAGE_STANDARD = gnu99;
				GCC_DYNAMIC_NO_PIC = NO;
				GCC_NO_COMMON_BLOCKS = YES;
				GCC_OPTIMIZATION_LEVEL = 0;
				GCC_PREPROCESSOR_DEFINITIONS = (
					"DEBUG=1",
					"$(inherited)",
				);
				GCC_WARN_64_TO_32_BIT_CONVERSION = YES;
				GCC_WARN_ABOUT_RETURN_TYPE = YES_ERROR;
				GCC_WARN_UNDECLARED_SELECTOR = YES;
				GCC_WARN_UNINITIALIZED_AUTOS = YES_AGGRESSIVE;
				GCC_WARN_UNUSED_FUNCTION = YES;
				GCC_WARN_UNUSED_VARIABLE = YES;
				IPHONEOS_DEPLOYMENT_TARGET = 10.3;
				MTL_ENABLE_DEBUG_INFO = YES;
				ONLY_ACTIVE_ARCH = YES;
				SDKROOT = iphoneos;
				SWIFT_ACTIVE_COMPILATION_CONDITIONS = DEBUG;
				SWIFT_OPTIMIZATION_LEVEL = "-Onone";
				TARGETED_DEVICE_FAMILY = "1,2";
			};
			name = Debug;
		};
		68DCF44E1EAEF8FB0076FA5A /* Release */ = {
			isa = XCBuildConfiguration;
			buildSettings = {
				ALWAYS_SEARCH_USER_PATHS = NO;
				CLANG_ANALYZER_NONNULL = YES;
				CLANG_ANALYZER_NUMBER_OBJECT_CONVERSION = YES_AGGRESSIVE;
				CLANG_CXX_LANGUAGE_STANDARD = "gnu++0x";
				CLANG_CXX_LIBRARY = "libc++";
				CLANG_ENABLE_MODULES = YES;
				CLANG_ENABLE_OBJC_ARC = YES;
				CLANG_WARN_BOOL_CONVERSION = YES;
				CLANG_WARN_CONSTANT_CONVERSION = YES;
				CLANG_WARN_DIRECT_OBJC_ISA_USAGE = YES_ERROR;
				CLANG_WARN_DOCUMENTATION_COMMENTS = YES;
				CLANG_WARN_EMPTY_BODY = YES;
				CLANG_WARN_ENUM_CONVERSION = YES;
				CLANG_WARN_INFINITE_RECURSION = YES;
				CLANG_WARN_INT_CONVERSION = YES;
				CLANG_WARN_OBJC_ROOT_CLASS = YES_ERROR;
				CLANG_WARN_SUSPICIOUS_MOVE = YES;
				CLANG_WARN_UNREACHABLE_CODE = YES;
				CLANG_WARN__DUPLICATE_METHOD_MATCH = YES;
				"CODE_SIGN_IDENTITY[sdk=iphoneos*]" = "iPhone Developer";
				COPY_PHASE_STRIP = NO;
				DEBUG_INFORMATION_FORMAT = "dwarf-with-dsym";
				ENABLE_NS_ASSERTIONS = NO;
				ENABLE_STRICT_OBJC_MSGSEND = YES;
				GCC_C_LANGUAGE_STANDARD = gnu99;
				GCC_NO_COMMON_BLOCKS = YES;
				GCC_WARN_64_TO_32_BIT_CONVERSION = YES;
				GCC_WARN_ABOUT_RETURN_TYPE = YES_ERROR;
				GCC_WARN_UNDECLARED_SELECTOR = YES;
				GCC_WARN_UNINITIALIZED_AUTOS = YES_AGGRESSIVE;
				GCC_WARN_UNUSED_FUNCTION = YES;
				GCC_WARN_UNUSED_VARIABLE = YES;
				IPHONEOS_DEPLOYMENT_TARGET = 10.3;
				MTL_ENABLE_DEBUG_INFO = NO;
				SDKROOT = iphoneos;
				SWIFT_OPTIMIZATION_LEVEL = "-Owholemodule";
				TARGETED_DEVICE_FAMILY = "1,2";
				VALIDATE_PRODUCT = YES;
			};
			name = Release;
		};
		68DCF4501EAEF8FB0076FA5A /* Debug */ = {
			isa = XCBuildConfiguration;
			baseConfigurationReference = 929664F456E397267F46C392 /* Pods-MyVideoPlayer.debug.xcconfig */;
			buildSettings = {
				ASSETCATALOG_COMPILER_APPICON_NAME = AppIcon;
				DEVELOPMENT_TEAM = BLJXHMJDBS;
				INFOPLIST_FILE = MyVideoPlayer/Info.plist;
				LD_RUNPATH_SEARCH_PATHS = "$(inherited) @executable_path/Frameworks";
				PRODUCT_BUNDLE_IDENTIFIER = "com.Han-sky.MyVideoPlayer";
				PRODUCT_NAME = "$(TARGET_NAME)";
				SWIFT_VERSION = 3.0;
			};
			name = Debug;
		};
		68DCF4511EAEF8FB0076FA5A /* Release */ = {
			isa = XCBuildConfiguration;
			baseConfigurationReference = 786785D1B2F092832157D90C /* Pods-MyVideoPlayer.release.xcconfig */;
			buildSettings = {
				ASSETCATALOG_COMPILER_APPICON_NAME = AppIcon;
				DEVELOPMENT_TEAM = BLJXHMJDBS;
				INFOPLIST_FILE = MyVideoPlayer/Info.plist;
				LD_RUNPATH_SEARCH_PATHS = "$(inherited) @executable_path/Frameworks";
				PRODUCT_BUNDLE_IDENTIFIER = "com.Han-sky.MyVideoPlayer";
				PRODUCT_NAME = "$(TARGET_NAME)";
				SWIFT_VERSION = 3.0;
			};
			name = Release;
		};
/* End XCBuildConfiguration section */

/* Begin XCConfigurationList section */
		68DCF4221EAEF8FB0076FA5A /* Build configuration list for PBXProject "MyVideoPlayer" */ = {
			isa = XCConfigurationList;
			buildConfigurations = (
				68DCF44D1EAEF8FB0076FA5A /* Debug */,
				68DCF44E1EAEF8FB0076FA5A /* Release */,
			);
			defaultConfigurationIsVisible = 0;
			defaultConfigurationName = Release;
		};
		68DCF44F1EAEF8FB0076FA5A /* Build configuration list for PBXNativeTarget "MyVideoPlayer" */ = {
			isa = XCConfigurationList;
			buildConfigurations = (
				68DCF4501EAEF8FB0076FA5A /* Debug */,
				68DCF4511EAEF8FB0076FA5A /* Release */,
			);
			defaultConfigurationIsVisible = 0;
			defaultConfigurationName = Release;
		};
/* End XCConfigurationList section */
	};
	rootObject = 68DCF41F1EAEF8FB0076FA5A /* Project object */;
}
