// !$*UTF8*$!
{
	archiveVersion = 1;
	classes = {
	};
	objectVersion = 46;
	objects = {

/* Begin PBXBuildFile section */
		68DCF42B1EAEF8FB0076FA5A /* AppDelegate.swift in Sources */ = {isa = PBXBuildFile; fileRef = 68DCF42A1EAEF8FB0076FA5A /* AppDelegate.swift */; };
		68DCF42D1EAEF8FB0076FA5A /* ViewController.swift in Sources */ = {isa = PBXBuildFile; fileRef = 68DCF42C1EAEF8FB0076FA5A /* ViewController.swift */; };
		68DCF4301EAEF8FB0076FA5A /* Main.storyboard in Resources */ = {isa = PBXBuildFile; fileRef = 68DCF42E1EAEF8FB0076FA5A /* Main.storyboard */; };
		68DCF4321EAEF8FB0076FA5A /* Assets.xcassets in Resources */ = {isa = PBXBuildFile; fileRef = 68DCF4311EAEF8FB0076FA5A /* Assets.xcassets */; };
		68DCF4351EAEF8FB0076FA5A /* LaunchScreen.storyboard in Resources */ = {isa = PBXBuildFile; fileRef = 68DCF4331EAEF8FB0076FA5A /* LaunchScreen.storyboard */; };
		68DCF4401EAEF8FB0076FA5A /* MyVideoPlayerTests.swift in Sources */ = {isa = PBXBuildFile; fileRef = 68DCF43F1EAEF8FB0076FA5A /* MyVideoPlayerTests.swift */; };
		68DCF44B1EAEF8FB0076FA5A /* MyVideoPlayerUITests.swift in Sources */ = {isa = PBXBuildFile; fileRef = 68DCF44A1EAEF8FB0076FA5A /* MyVideoPlayerUITests.swift */; };
/* End PBXBuildFile section */

/* Begin PBXContainerItemProxy section */
		68DCF43C1EAEF8FB0076FA5A /* PBXContainerItemProxy */ = {
			isa = PBXContainerItemProxy;
			containerPortal = 68DCF41F1EAEF8FB0076FA5A /* Project object */;
			proxyType = 1;
			remoteGlobalIDString = 68DCF4261EAEF8FB0076FA5A;
			remoteInfo = MyVideoPlayer;
		};
		68DCF4471EAEF8FB0076FA5A /* PBXContainerItemProxy */ = {
			isa = PBXContainerItemProxy;
			containerPortal = 68DCF41F1EAEF8FB0076FA5A /* Project object */;
			proxyType = 1;
			remoteGlobalIDString = 68DCF4261EAEF8FB0076FA5A;
			remoteInfo = MyVideoPlayer;
		};
/* End PBXContainerItemProxy section */

/* Begin PBXFileReference section */
		68DCF4271EAEF8FB0076FA5A /* MyVideoPlayer.app */ = {isa = PBXFileReference; explicitFileType = wrapper.application; includeInIndex = 0; path = MyVideoPlayer.app; sourceTree = BUILT_PRODUCTS_DIR; };
		68DCF42A1EAEF8FB0076FA5A /* AppDelegate.swift */ = {isa = PBXFileReference; lastKnownFileType = sourcecode.swift; path = AppDelegate.swift; sourceTree = "<group>"; };
		68DCF42C1EAEF8FB0076FA5A /* ViewController.swift */ = {isa = PBXFileReference; lastKnownFileType = sourcecode.swift; path = ViewController.swift; sourceTree = "<group>"; };
		68DCF42F1EAEF8FB0076FA5A /* Base */ = {isa = PBXFileReference; lastKnownFileType = file.storyboard; name = Base; path = Base.lproj/Main.storyboard; sourceTree = "<group>"; };
		68DCF4311EAEF8FB0076FA5A /* Assets.xcassets */ = {isa = PBXFileReference; lastKnownFileType = folder.assetcatalog; path = Assets.xcassets; sourceTree = "<group>"; };
		68DCF4341EAEF8FB0076FA5A /* Base */ = {isa = PBXFileReference; lastKnownFileType = file.storyboard; name = Base; path = Base.lproj/LaunchScreen.storyboard; sourceTree = "<group>"; };
		68DCF4361EAEF8FB0076FA5A /* Info.plist */ = {isa = PBXFileReference; lastKnownFileType = text.plist.xml; path = Info.plist; sourceTree = "<group>"; };
		68DCF43B1EAEF8FB0076FA5A /* MyVideoPlayerTests.xctest */ = {isa = PBXFileReference; explicitFileType = wrapper.cfbundle; includeInIndex = 0; path = MyVideoPlayerTests.xctest; sourceTree = BUILT_PRODUCTS_DIR; };
		68DCF43F1EAEF8FB0076FA5A /* MyVideoPlayerTests.swift */ = {isa = PBXFileReference; lastKnownFileType = sourcecode.swift; path = MyVideoPlayerTests.swift; sourceTree = "<group>"; };
		68DCF4411EAEF8FB0076FA5A /* Info.plist */ = {isa = PBXFileReference; lastKnownFileType = text.plist.xml; path = Info.plist; sourceTree = "<group>"; };
		68DCF4461EAEF8FB0076FA5A /* MyVideoPlayerUITests.xctest */ = {isa = PBXFileReference; explicitFileType = wrapper.cfbundle; includeInIndex = 0; path = MyVideoPlayerUITests.xctest; sourceTree = BUILT_PRODUCTS_DIR; };
		68DCF44A1EAEF8FB0076FA5A /* MyVideoPlayerUITests.swift */ = {isa = PBXFileReference; lastKnownFileType = sourcecode.swift; path = MyVideoPlayerUITests.swift; sourceTree = "<group>"; };
		68DCF44C1EAEF8FB0076FA5A /* Info.plist */ = {isa = PBXFileReference; lastKnownFileType = text.plist.xml; path = Info.plist; sourceTree = "<group>"; };
/* End PBXFileReference section */

/* Begin PBXFrameworksBuildPhase section */
		68DCF4241EAEF8FB0076FA5A /* Frameworks */ = {
			isa = PBXFrameworksBuildPhase;
			buildActionMask = 2147483647;
			files = (
			);
			runOnlyForDeploymentPostprocessing = 0;
		};
		68DCF4381EAEF8FB0076FA5A /* Frameworks */ = {
			isa = PBXFrameworksBuildPhase;
			buildActionMask = 2147483647;
			files = (
			);
			runOnlyForDeploymentPostprocessing = 0;
		};
		68DCF4431EAEF8FB0076FA5A /* Frameworks */ = {
			isa = PBXFrameworksBuildPhase;
			buildActionMask = 2147483647;
			files = (
			);
			runOnlyForDeploymentPostprocessing = 0;
		};
/* End PBXFrameworksBuildPhase section */

/* Begin PBXGroup section */
		68DCF41E1EAEF8FB0076FA5A = {
			isa = PBXGroup;
			children = (
				68DCF4291EAEF8FB0076FA5A /* MyVideoPlayer */,
				68DCF43E1EAEF8FB0076FA5A /* MyVideoPlayerTests */,
				68DCF4491EAEF8FB0076FA5A /* MyVideoPlayerUITests */,
				68DCF4281EAEF8FB0076FA5A /* Products */,
			);
			sourceTree = "<group>";
		};
		68DCF4281EAEF8FB0076FA5A /* Products */ = {
			isa = PBXGroup;
			children = (
				68DCF4271EAEF8FB0076FA5A /* MyVideoPlayer.app */,
				68DCF43B1EAEF8FB0076FA5A /* MyVideoPlayerTests.xctest */,
				68DCF4461EAEF8FB0076FA5A /* MyVideoPlayerUITests.xctest */,
			);
			name = Products;
			sourceTree = "<group>";
		};
		68DCF4291EAEF8FB0076FA5A /* MyVideoPlayer */ = {
			isa = PBXGroup;
			children = (
				68DCF42A1EAEF8FB0076FA5A /* AppDelegate.swift */,
				68DCF42C1EAEF8FB0076FA5A /* ViewController.swift */,
				68DCF42E1EAEF8FB0076FA5A /* Main.storyboard */,
				68DCF4311EAEF8FB0076FA5A /* Assets.xcassets */,
				68DCF4331EAEF8FB0076FA5A /* LaunchScreen.storyboard */,
				68DCF4361EAEF8FB0076FA5A /* Info.plist */,
			);
			path = MyVideoPlayer;
			sourceTree = "<group>";
		};
		68DCF43E1EAEF8FB0076FA5A /* MyVideoPlayerTests */ = {
			isa = PBXGroup;
			children = (
				68DCF43F1EAEF8FB0076FA5A /* MyVideoPlayerTests.swift */,
				68DCF4411EAEF8FB0076FA5A /* Info.plist */,
			);
			path = MyVideoPlayerTests;
			sourceTree = "<group>";
		};
		68DCF4491EAEF8FB0076FA5A /* MyVideoPlayerUITests */ = {
			isa = PBXGroup;
			children = (
				68DCF44A1EAEF8FB0076FA5A /* MyVideoPlayerUITests.swift */,
				68DCF44C1EAEF8FB0076FA5A /* Info.plist */,
			);
			path = MyVideoPlayerUITests;
			sourceTree = "<group>";
		};
/* End PBXGroup section */

/* Begin PBXNativeTarget section */
		68DCF4261EAEF8FB0076FA5A /* MyVideoPlayer */ = {
			isa = PBXNativeTarget;
			buildConfigurationList = 68DCF44F1EAEF8FB0076FA5A /* Build configuration list for PBXNativeTarget "MyVideoPlayer" */;
			buildPhases = (
				68DCF4231EAEF8FB0076FA5A /* Sources */,
				68DCF4241EAEF8FB0076FA5A /* Frameworks */,
				68DCF4251EAEF8FB0076FA5A /* Resources */,
			);
			buildRules = (
			);
			dependencies = (
			);
			name = MyVideoPlayer;
			productName = MyVideoPlayer;
			productReference = 68DCF4271EAEF8FB0076FA5A /* MyVideoPlayer.app */;
			productType = "com.apple.product-type.application";
		};
		68DCF43A1EAEF8FB0076FA5A /* MyVideoPlayerTests */ = {
			isa = PBXNativeTarget;
			buildConfigurationList = 68DCF4521EAEF8FB0076FA5A /* Build configuration list for PBXNativeTarget "MyVideoPlayerTests" */;
			buildPhases = (
				68DCF4371EAEF8FB0076FA5A /* Sources */,
				68DCF4381EAEF8FB0076FA5A /* Frameworks */,
				68DCF4391EAEF8FB0076FA5A /* Resources */,
			);
			buildRules = (
			);
			dependencies = (
				68DCF43D1EAEF8FB0076FA5A /* PBXTargetDependency */,
			);
			name = MyVideoPlayerTests;
			productName = MyVideoPlayerTests;
			productReference = 68DCF43B1EAEF8FB0076FA5A /* MyVideoPlayerTests.xctest */;
			productType = "com.apple.product-type.bundle.unit-test";
		};
		68DCF4451EAEF8FB0076FA5A /* MyVideoPlayerUITests */ = {
			isa = PBXNativeTarget;
			buildConfigurationList = 68DCF4551EAEF8FB0076FA5A /* Build configuration list for PBXNativeTarget "MyVideoPlayerUITests" */;
			buildPhases = (
				68DCF4421EAEF8FB0076FA5A /* Sources */,
				68DCF4431EAEF8FB0076FA5A /* Frameworks */,
				68DCF4441EAEF8FB0076FA5A /* Resources */,
			);
			buildRules = (
			);
			dependencies = (
				68DCF4481EAEF8FB0076FA5A /* PBXTargetDependency */,
			);
			name = MyVideoPlayerUITests;
			productName = MyVideoPlayerUITests;
			productReference = 68DCF4461EAEF8FB0076FA5A /* MyVideoPlayerUITests.xctest */;
			productType = "com.apple.product-type.bundle.ui-testing";
		};
/* End PBXNativeTarget section */

/* Begin PBXProject section */
		68DCF41F1EAEF8FB0076FA5A /* Project object */ = {
			isa = PBXProject;
			attributes = {
				LastSwiftUpdateCheck = 0830;
				LastUpgradeCheck = 0830;
				ORGANIZATIONNAME = "Beijing Han-sky Education Technology Co.";
				TargetAttributes = {
					68DCF4261EAEF8FB0076FA5A = {
						CreatedOnToolsVersion = 8.3.1;
						DevelopmentTeam = BLJXHMJDBS;
						ProvisioningStyle = Automatic;
					};
					68DCF43A1EAEF8FB0076FA5A = {
						CreatedOnToolsVersion = 8.3.1;
						DevelopmentTeam = BLJXHMJDBS;
						ProvisioningStyle = Automatic;
						TestTargetID = 68DCF4261EAEF8FB0076FA5A;
					};
					68DCF4451EAEF8FB0076FA5A = {
						CreatedOnToolsVersion = 8.3.1;
						DevelopmentTeam = BLJXHMJDBS;
						ProvisioningStyle = Automatic;
						TestTargetID = 68DCF4261EAEF8FB0076FA5A;
					};
				};
			};
			buildConfigurationList = 68DCF4221EAEF8FB0076FA5A /* Build configuration list for PBXProject "MyVideoPlayer" */;
			compatibilityVersion = "Xcode 3.2";
			developmentRegion = English;
			hasScannedForEncodings = 0;
			knownRegions = (
				en,
				Base,
			);
			mainGroup = 68DCF41E1EAEF8FB0076FA5A;
			productRefGroup = 68DCF4281EAEF8FB0076FA5A /* Products */;
			projectDirPath = "";
			projectRoot = "";
			targets = (
				68DCF4261EAEF8FB0076FA5A /* MyVideoPlayer */,
				68DCF43A1EAEF8FB0076FA5A /* MyVideoPlayerTests */,
				68DCF4451EAEF8FB0076FA5A /* MyVideoPlayerUITests */,
			);
		};
/* End PBXProject section */

/* Begin PBXResourcesBuildPhase section */
		68DCF4251EAEF8FB0076FA5A /* Resources */ = {
			isa = PBXResourcesBuildPhase;
			buildActionMask = 2147483647;
			files = (
				68DCF4351EAEF8FB0076FA5A /* LaunchScreen.storyboard in Resources */,
				68DCF4321EAEF8FB0076FA5A /* Assets.xcassets in Resources */,
				68DCF4301EAEF8FB0076FA5A /* Main.storyboard in Resources */,
			);
			runOnlyForDeploymentPostprocessing = 0;
		};
		68DCF4391EAEF8FB0076FA5A /* Resources */ = {
			isa = PBXResourcesBuildPhase;
			buildActionMask = 2147483647;
			files = (
			);
			runOnlyForDeploymentPostprocessing = 0;
		};
		68DCF4441EAEF8FB0076FA5A /* Resources */ = {
			isa = PBXResourcesBuildPhase;
			buildActionMask = 2147483647;
			files = (
			);
			runOnlyForDeploymentPostprocessing = 0;
		};
/* End PBXResourcesBuildPhase section */

/* Begin PBXSourcesBuildPhase section */
		68DCF4231EAEF8FB0076FA5A /* Sources */ = {
			isa = PBXSourcesBuildPhase;
			buildActionMask = 2147483647;
			files = (
				68DCF42D1EAEF8FB0076FA5A /* ViewController.swift in Sources */,
				68DCF42B1EAEF8FB0076FA5A /* AppDelegate.swift in Sources */,
			);
			runOnlyForDeploymentPostprocessing = 0;
		};
		68DCF4371EAEF8FB0076FA5A /* Sources */ = {
			isa = PBXSourcesBuildPhase;
			buildActionMask = 2147483647;
			files = (
				68DCF4401EAEF8FB0076FA5A /* MyVideoPlayerTests.swift in Sources */,
			);
			runOnlyForDeploymentPostprocessing = 0;
		};
		68DCF4421EAEF8FB0076FA5A /* Sources */ = {
			isa = PBXSourcesBuildPhase;
			buildActionMask = 2147483647;
			files = (
				68DCF44B1EAEF8FB0076FA5A /* MyVideoPlayerUITests.swift in Sources */,
			);
			runOnlyForDeploymentPostprocessing = 0;
		};
/* End PBXSourcesBuildPhase section */

/* Begin PBXTargetDependency section */
		68DCF43D1EAEF8FB0076FA5A /* PBXTargetDependency */ = {
			isa = PBXTargetDependency;
			target = 68DCF4261EAEF8FB0076FA5A /* MyVideoPlayer */;
			targetProxy = 68DCF43C1EAEF8FB0076FA5A /* PBXContainerItemProxy */;
		};
		68DCF4481EAEF8FB0076FA5A /* PBXTargetDependency */ = {
			isa = PBXTargetDependency;
			target = 68DCF4261EAEF8FB0076FA5A /* MyVideoPlayer */;
			targetProxy = 68DCF4471EAEF8FB0076FA5A /* PBXContainerItemProxy */;
		};
/* End PBXTargetDependency section */

/* Begin PBXVariantGroup section */
		68DCF42E1EAEF8FB0076FA5A /* Main.storyboard */ = {
			isa = PBXVariantGroup;
			children = (
				68DCF42F1EAEF8FB0076FA5A /* Base */,
			);
			name = Main.storyboard;
			sourceTree = "<group>";
		};
		68DCF4331EAEF8FB0076FA5A /* LaunchScreen.storyboard */ = {
			isa = PBXVariantGroup;
			children = (
				68DCF4341EAEF8FB0076FA5A /* Base */,
			);
			name = LaunchScreen.storyboard;
			sourceTree = "<group>";
		};
/* End PBXVariantGroup section */

/* Begin XCBuildConfiguration section */
		68DCF44D1EAEF8FB0076FA5A /* Debug */ = {
			isa = XCBuildConfiguration;
			buildSettings = {
				ALWAYS_SEARCH_USER_PATHS = NO;
				CLANG_ANALYZER_NONNULL = YES;
				CLANG_ANALYZER_NUMBER_OBJECT_CONVERSION = YES_AGGRESSIVE;
				CLANG_CXX_LANGUAGE_STANDARD = "gnu++0x";
				CLANG_CXX_LIBRARY = "libc++";
				CLANG_ENABLE_MODULES = YES;
				CLANG_ENABLE_OBJC_ARC = YES;
				CLANG_WARN_BOOL_CONVERSION = YES;
				CLANG_WARN_CONSTANT_CONVERSION = YES;
				CLANG_WARN_DIRECT_OBJC_ISA_USAGE = YES_ERROR;
				CLANG_WARN_DOCUMENTATION_COMMENTS = YES;
				CLANG_WARN_EMPTY_BODY = YES;
				CLANG_WARN_ENUM_CONVERSION = YES;
				CLANG_WARN_INFINITE_RECURSION = YES;
				CLANG_WARN_INT_CONVERSION = YES;
				CLANG_WARN_OBJC_ROOT_CLASS = YES_ERROR;
				CLANG_WARN_SUSPICIOUS_MOVE = YES;
				CLANG_WARN_UNREACHABLE_CODE = YES;
				CLANG_WARN__DUPLICATE_METHOD_MATCH = YES;
				"CODE_SIGN_IDENTITY[sdk=iphoneos*]" = "iPhone Developer";
				COPY_PHASE_STRIP = NO;
				DEBUG_INFORMATION_FORMAT = dwarf;
				ENABLE_STRICT_OBJC_MSGSEND = YES;
				ENABLE_TESTABILITY = YES;
				GCC_C_LANGUAGE_STANDARD = gnu99;
				GCC_DYNAMIC_NO_PIC = NO;
				GCC_NO_COMMON_BLOCKS = YES;
				GCC_OPTIMIZATION_LEVEL = 0;
				GCC_PREPROCESSOR_DEFINITIONS = (
					"DEBUG=1",
					"$(inherited)",
				);
				GCC_WARN_64_TO_32_BIT_CONVERSION = YES;
				GCC_WARN_ABOUT_RETURN_TYPE = YES_ERROR;
				GCC_WARN_UNDECLARED_SELECTOR = YES;
				GCC_WARN_UNINITIALIZED_AUTOS = YES_AGGRESSIVE;
				GCC_WARN_UNUSED_FUNCTION = YES;
				GCC_WARN_UNUSED_VARIABLE = YES;
				IPHONEOS_DEPLOYMENT_TARGET = 10.3;
				MTL_ENABLE_DEBUG_INFO = YES;
				ONLY_ACTIVE_ARCH = YES;
				SDKROOT = iphoneos;
				SWIFT_ACTIVE_COMPILATION_CONDITIONS = DEBUG;
				SWIFT_OPTIMIZATION_LEVEL = "-Onone";
				TARGETED_DEVICE_FAMILY = "1,2";
			};
			name = Debug;
		};
		68DCF44E1EAEF8FB0076FA5A /* Release */ = {
			isa = XCBuildConfiguration;
			buildSettings = {
				ALWAYS_SEARCH_USER_PATHS = NO;
				CLANG_ANALYZER_NONNULL = YES;
				CLANG_ANALYZER_NUMBER_OBJECT_CONVERSION = YES_AGGRESSIVE;
				CLANG_CXX_LANGUAGE_STANDARD = "gnu++0x";
				CLANG_CXX_LIBRARY = "libc++";
				CLANG_ENABLE_MODULES = YES;
				CLANG_ENABLE_OBJC_ARC = YES;
				CLANG_WARN_BOOL_CONVERSION = YES;
				CLANG_WARN_CONSTANT_CONVERSION = YES;
				CLANG_WARN_DIRECT_OBJC_ISA_USAGE = YES_ERROR;
				CLANG_WARN_DOCUMENTATION_COMMENTS = YES;
				CLANG_WARN_EMPTY_BODY = YES;
				CLANG_WARN_ENUM_CONVERSION = YES;
				CLANG_WARN_INFINITE_RECURSION = YES;
				CLANG_WARN_INT_CONVERSION = YES;
				CLANG_WARN_OBJC_ROOT_CLASS = YES_ERROR;
				CLANG_WARN_SUSPICIOUS_MOVE = YES;
				CLANG_WARN_UNREACHABLE_CODE = YES;
				CLANG_WARN__DUPLICATE_METHOD_MATCH = YES;
				"CODE_SIGN_IDENTITY[sdk=iphoneos*]" = "iPhone Developer";
				COPY_PHASE_STRIP = NO;
				DEBUG_INFORMATION_FORMAT = "dwarf-with-dsym";
				ENABLE_NS_ASSERTIONS = NO;
				ENABLE_STRICT_OBJC_MSGSEND = YES;
				GCC_C_LANGUAGE_STANDARD = gnu99;
				GCC_NO_COMMON_BLOCKS = YES;
				GCC_WARN_64_TO_32_BIT_CONVERSION = YES;
				GCC_WARN_ABOUT_RETURN_TYPE = YES_ERROR;
				GCC_WARN_UNDECLARED_SELECTOR = YES;
				GCC_WARN_UNINITIALIZED_AUTOS = YES_AGGRESSIVE;
				GCC_WARN_UNUSED_FUNCTION = YES;
				GCC_WARN_UNUSED_VARIABLE = YES;
				IPHONEOS_DEPLOYMENT_TARGET = 10.3;
				MTL_ENABLE_DEBUG_INFO = NO;
				SDKROOT = iphoneos;
				SWIFT_OPTIMIZATION_LEVEL = "-Owholemodule";
				TARGETED_DEVICE_FAMILY = "1,2";
				VALIDATE_PRODUCT = YES;
			};
			name = Release;
		};
		68DCF4501EAEF8FB0076FA5A /* Debug */ = {
			isa = XCBuildConfiguration;
			buildSettings = {
				ASSETCATALOG_COMPILER_APPICON_NAME = AppIcon;
				DEVELOPMENT_TEAM = BLJXHMJDBS;
				INFOPLIST_FILE = MyVideoPlayer/Info.plist;
				LD_RUNPATH_SEARCH_PATHS = "$(inherited) @executable_path/Frameworks";
				PRODUCT_BUNDLE_IDENTIFIER = "com.Han-sky.MyVideoPlayer";
				PRODUCT_NAME = "$(TARGET_NAME)";
				SWIFT_VERSION = 3.0;
			};
			name = Debug;
		};
		68DCF4511EAEF8FB0076FA5A /* Release */ = {
			isa = XCBuildConfiguration;
			buildSettings = {
				ASSETCATALOG_COMPILER_APPICON_NAME = AppIcon;
				DEVELOPMENT_TEAM = BLJXHMJDBS;
				INFOPLIST_FILE = MyVideoPlayer/Info.plist;
				LD_RUNPATH_SEARCH_PATHS = "$(inherited) @executable_path/Frameworks";
				PRODUCT_BUNDLE_IDENTIFIER = "com.Han-sky.MyVideoPlayer";
				PRODUCT_NAME = "$(TARGET_NAME)";
				SWIFT_VERSION = 3.0;
			};
			name = Release;
		};
		68DCF4531EAEF8FB0076FA5A /* Debug */ = {
			isa = XCBuildConfiguration;
			buildSettings = {
				ALWAYS_EMBED_SWIFT_STANDARD_LIBRARIES = YES;
				BUNDLE_LOADER = "$(TEST_HOST)";
				DEVELOPMENT_TEAM = BLJXHMJDBS;
				INFOPLIST_FILE = MyVideoPlayerTests/Info.plist;
				LD_RUNPATH_SEARCH_PATHS = "$(inherited) @executable_path/Frameworks @loader_path/Frameworks";
				PRODUCT_BUNDLE_IDENTIFIER = "com.Han-sky.MyVideoPlayerTests";
				PRODUCT_NAME = "$(TARGET_NAME)";
				SWIFT_VERSION = 3.0;
				TEST_HOST = "$(BUILT_PRODUCTS_DIR)/MyVideoPlayer.app/MyVideoPlayer";
			};
			name = Debug;
		};
		68DCF4541EAEF8FB0076FA5A /* Release */ = {
			isa = XCBuildConfiguration;
			buildSettings = {
				ALWAYS_EMBED_SWIFT_STANDARD_LIBRARIES = YES;
				BUNDLE_LOADER = "$(TEST_HOST)";
				DEVELOPMENT_TEAM = BLJXHMJDBS;
				INFOPLIST_FILE = MyVideoPlayerTests/Info.plist;
				LD_RUNPATH_SEARCH_PATHS = "$(inherited) @executable_path/Frameworks @loader_path/Frameworks";
				PRODUCT_BUNDLE_IDENTIFIER = "com.Han-sky.MyVideoPlayerTests";
				PRODUCT_NAME = "$(TARGET_NAME)";
				SWIFT_VERSION = 3.0;
				TEST_HOST = "$(BUILT_PRODUCTS_DIR)/MyVideoPlayer.app/MyVideoPlayer";
			};
			name = Release;
		};
		68DCF4561EAEF8FB0076FA5A /* Debug */ = {
			isa = XCBuildConfiguration;
			buildSettings = {
				ALWAYS_EMBED_SWIFT_STANDARD_LIBRARIES = YES;
				DEVELOPMENT_TEAM = BLJXHMJDBS;
				INFOPLIST_FILE = MyVideoPlayerUITests/Info.plist;
				LD_RUNPATH_SEARCH_PATHS = "$(inherited) @executable_path/Frameworks @loader_path/Frameworks";
				PRODUCT_BUNDLE_IDENTIFIER = "com.Han-sky.MyVideoPlayerUITests";
				PRODUCT_NAME = "$(TARGET_NAME)";
				SWIFT_VERSION = 3.0;
				TEST_TARGET_NAME = MyVideoPlayer;
			};
			name = Debug;
		};
		68DCF4571EAEF8FB0076FA5A /* Release */ = {
			isa = XCBuildConfiguration;
			buildSettings = {
				ALWAYS_EMBED_SWIFT_STANDARD_LIBRARIES = YES;
				DEVELOPMENT_TEAM = BLJXHMJDBS;
				INFOPLIST_FILE = MyVideoPlayerUITests/Info.plist;
				LD_RUNPATH_SEARCH_PATHS = "$(inherited) @executable_path/Frameworks @loader_path/Frameworks";
				PRODUCT_BUNDLE_IDENTIFIER = "com.Han-sky.MyVideoPlayerUITests";
				PRODUCT_NAME = "$(TARGET_NAME)";
				SWIFT_VERSION = 3.0;
				TEST_TARGET_NAME = MyVideoPlayer;
			};
			name = Release;
		};
/* End XCBuildConfiguration section */

/* Begin XCConfigurationList section */
		68DCF4221EAEF8FB0076FA5A /* Build configuration list for PBXProject "MyVideoPlayer" */ = {
			isa = XCConfigurationList;
			buildConfigurations = (
				68DCF44D1EAEF8FB0076FA5A /* Debug */,
				68DCF44E1EAEF8FB0076FA5A /* Release */,
			);
			defaultConfigurationIsVisible = 0;
			defaultConfigurationName = Release;
		};
		68DCF44F1EAEF8FB0076FA5A /* Build configuration list for PBXNativeTarget "MyVideoPlayer" */ = {
			isa = XCConfigurationList;
			buildConfigurations = (
				68DCF4501EAEF8FB0076FA5A /* Debug */,
				68DCF4511EAEF8FB0076FA5A /* Release */,
			);
			defaultConfigurationIsVisible = 0;
		};
		68DCF4521EAEF8FB0076FA5A /* Build configuration list for PBXNativeTarget "MyVideoPlayerTests" */ = {
			isa = XCConfigurationList;
			buildConfigurations = (
				68DCF4531EAEF8FB0076FA5A /* Debug */,
				68DCF4541EAEF8FB0076FA5A /* Release */,
			);
			defaultConfigurationIsVisible = 0;
		};
		68DCF4551EAEF8FB0076FA5A /* Build configuration list for PBXNativeTarget "MyVideoPlayerUITests" */ = {
			isa = XCConfigurationList;
			buildConfigurations = (
				68DCF4561EAEF8FB0076FA5A /* Debug */,
				68DCF4571EAEF8FB0076FA5A /* Release */,
			);
			defaultConfigurationIsVisible = 0;
		};
/* End XCConfigurationList section */
	};
	rootObject = 68DCF41F1EAEF8FB0076FA5A /* Project object */;
}
